
Microsoft Visual Studio Solution File, Format Version 12.00
# Visual Studio Version 17
VisualStudioVersion = 17.9.34616.47
MinimumVisualStudioVersion = 10.0.40219.1
Project("{FAE04EC0-301F-11D3-BF4B-00C04F79EFBC}") = "Films", "Films\Films.csproj", "{DD33DD31-6C42-4F74-A34B-DB0811E8234B}"
EndProject
Project("{FAE04EC0-301F-11D3-BF4B-00C04F79EFBC}") = "Films.Data", "Films.Data\Films.Data.csproj", "{82E488D4-031C-4E97-9768-89F2E6B2D663}"
EndProject
Global
	GlobalSection(SolutionConfigurationPlatforms) = preSolution
		Debug|Any CPU = Debug|Any CPU
		Release|Any CPU = Release|Any CPU
	EndGlobalSection
	GlobalSection(ProjectConfigurationPlatforms) = postSolution
		{DD33DD31-6C42-4F74-A34B-DB0811E8234B}.Debug|Any CPU.ActiveCfg = Debug|Any CPU
		{DD33DD31-6C42-4F74-A34B-DB0811E8234B}.Debug|Any CPU.Build.0 = Debug|Any CPU
		{DD33DD31-6C42-4F74-A34B-DB0811E8234B}.Release|Any CPU.ActiveCfg = Release|Any CPU
		{DD33DD31-6C42-4F74-A34B-DB0811E8234B}.Release|Any CPU.Build.0 = Release|Any CPU
		{82E488D4-031C-4E97-9768-89F2E6B2D663}.Debug|Any CPU.ActiveCfg = Debug|Any CPU
		{82E488D4-031C-4E97-9768-89F2E6B2D663}.Debug|Any CPU.Build.0 = Debug|Any CPU
		{82E488D4-031C-4E97-9768-89F2E6B2D663}.Release|Any CPU.ActiveCfg = Release|Any CPU
		{82E488D4-031C-4E97-9768-89F2E6B2D663}.Release|Any CPU.Build.0 = Release|Any CPU
	EndGlobalSection
	GlobalSection(SolutionProperties) = preSolution
		HideSolutionNode = FALSE
	EndGlobalSection
	GlobalSection(ExtensibilityGlobals) = postSolution
		SolutionGuid = {F302945F-2BD4-4284-AA6D-F7355905890C}
	EndGlobalSection
EndGlobal
